Microsoft Visual Studio Solution File, Format Version 12.00
# Visual Studio Version 16
VisualStudioVersion = 16.0.29102.190
MinimumVisualStudioVersion = 10.0.40219.1
Project("{8BC9CEB8-8B4A-11D0-8D11-00A0C91BC942}") = "Steem", "SteemVS2015.vcxproj", "{9975320C-A18B-4425-B093-B11C1F35E3A4}"
EndProject
Global
	GlobalSection(SolutionConfigurationPlatforms) = preSolution
		Debug - draw_c|x64 = Debug - draw_c|x64
		Debug - draw_c|x86 = Debug - draw_c|x86
		Debug|x64 = Debug|x64
		Debug|x86 = Debug|x86
		Debug-DD|x64 = Debug-DD|x64
		Debug-DD|x86 = Debug-DD|x86
		Debugger Debug|x64 = Debugger Debug|x64
		Debugger Debug|x86 = Debugger Debug|x86
		Debugger|x64 = Debugger|x64
		Debugger|x86 = Debugger|x86
		Debugger-DD|x64 = Debugger-DD|x64
		Debugger-DD|x86 = Debugger-DD|x86
		Release|x64 = Release|x64
		Release|x86 = Release|x86
		Release-DD|x64 = Release-DD|x64
		Release-DD|x86 = Release-DD|x86
		steem-crt|x64 = steem-crt|x64
		steem-crt|x86 = steem-crt|x86
	EndGlobalSection
	GlobalSection(ProjectConfigurationPlatforms) = postSolution
		{9975320C-A18B-4425-B093-B11C1F35E3A4}.Debug - draw_c|x64.ActiveCfg = Debug - draw_c|x64
		{9975320C-A18B-4425-B093-B11C1F35E3A4}.Debug - draw_c|x64.Build.0 = Debug - draw_c|x64
		{9975320C-A18B-4425-B093-B11C1F35E3A4}.Debug - draw_c|x86.ActiveCfg = Debug - draw_c|Win32
		{9975320C-A18B-4425-B093-B11C1F35E3A4}.Debug - draw_c|x86.Build.0 = Debug - draw_c|Win32
		{9975320C-A18B-4425-B093-B11C1F35E3A4}.Debug|x64.ActiveCfg = Debug-D3D|x64
		{9975320C-A18B-4425-B093-B11C1F35E3A4}.Debug|x64.Build.0 = Debug-D3D|x64
		{9975320C-A18B-4425-B093-B11C1F35E3A4}.Debug|x86.ActiveCfg = Debug-D3D|Win32
		{9975320C-A18B-4425-B093-B11C1F35E3A4}.Debug|x86.Build.0 = Debug-D3D|Win32
		{9975320C-A18B-4425-B093-B11C1F35E3A4}.Debug-DD|x64.ActiveCfg = Debug-DD|x64
		{9975320C-A18B-4425-B093-B11C1F35E3A4}.Debug-DD|x64.Build.0 = Debug-DD|x64
		{9975320C-A18B-4425-B093-B11C1F35E3A4}.Debug-DD|x86.ActiveCfg = Debug-DD|Win32
		{9975320C-A18B-4425-B093-B11C1F35E3A4}.Debug-DD|x86.Build.0 = Debug-DD|Win32
		{9975320C-A18B-4425-B093-B11C1F35E3A4}.Debugger Debug|x64.ActiveCfg = Debugger Debug|x64
		{9975320C-A18B-4425-B093-B11C1F35E3A4}.Debugger Debug|x86.ActiveCfg = Debugger Debug|Win32
		{9975320C-A18B-4425-B093-B11C1F35E3A4}.Debugger Debug|x86.Build.0 = Debugger Debug|Win32
		{9975320C-A18B-4425-B093-B11C1F35E3A4}.Debugger|x64.ActiveCfg = Debugger-D3D|x64
		{9975320C-A18B-4425-B093-B11C1F35E3A4}.Debugger|x64.Build.0 = Debugger-D3D|x64
		{9975320C-A18B-4425-B093-B11C1F35E3A4}.Debugger|x86.ActiveCfg = Debugger-D3D|Win32
		{9975320C-A18B-4425-B093-B11C1F35E3A4}.Debugger|x86.Build.0 = Debugger-D3D|Win32
		{9975320C-A18B-4425-B093-B11C1F35E3A4}.Debugger-DD|x64.ActiveCfg = Debugger-DD|x64
		{9975320C-A18B-4425-B093-B11C1F35E3A4}.Debugger-DD|x64.Build.0 = Debugger-DD|x64
		{9975320C-A18B-4425-B093-B11C1F35E3A4}.Debugger-DD|x86.ActiveCfg = Debugger-DD|Win32
		{9975320C-A18B-4425-B093-B11C1F35E3A4}.Debugger-DD|x86.Build.0 = Debugger-DD|Win32
		{9975320C-A18B-4425-B093-B11C1F35E3A4}.Release|x64.ActiveCfg = Release-drawc|x64
		{9975320C-A18B-4425-B093-B11C1F35E3A4}.Release|x64.Build.0 = Release-drawc|x64
		{9975320C-A18B-4425-B093-B11C1F35E3A4}.Release|x86.ActiveCfg = Release-drawc|Win32
		{9975320C-A18B-4425-B093-B11C1F35E3A4}.Release|x86.Build.0 = Release-drawc|Win32
		{9975320C-A18B-4425-B093-B11C1F35E3A4}.Release-DD|x64.ActiveCfg = Release-drawc|x64
		{9975320C-A18B-4425-B093-B11C1F35E3A4}.Release-DD|x64.Build.0 = Release-drawc|x64
		{9975320C-A18B-4425-B093-B11C1F35E3A4}.Release-DD|x86.ActiveCfg = Release-drawc|Win32
		{9975320C-A18B-4425-B093-B11C1F35E3A4}.Release-DD|x86.Build.0 = Release-drawc|Win32
		{9975320C-A18B-4425-B093-B11C1F35E3A4}.steem-crt|x64.ActiveCfg = steem-crt|x64
		{9975320C-A18B-4425-B093-B11C1F35E3A4}.steem-crt|x64.Build.0 = steem-crt|x64
		{9975320C-A18B-4425-B093-B11C1F35E3A4}.steem-crt|x86.ActiveCfg = steem-crt|Win32
		{9975320C-A18B-4425-B093-B11C1F35E3A4}.steem-crt|x86.Build.0 = steem-crt|Win32
	EndGlobalSection
	GlobalSection(SolutionProperties) = preSolution
		HideSolutionNode = FALSE
	EndGlobalSection
	GlobalSection(ExtensibilityGlobals) = postSolution
		SolutionGuid = {4AF01D23-0FC4-4B11-984E-7DC97DD4988C}
	EndGlobalSection
EndGlobal
