Microsoft Visual Studio Solution File, Format Version 10.00
# Visual Studio 2008
Project("{8BC9CEB8-8B4A-11D0-8D11-00A0C91BC942}") = "Steem", "SteemVS2008.vcproj", "{9975320C-A18B-4425-B093-B11C1F35E3A4}"
	ProjectSection(ProjectDependencies) = postProject
		{71E61131-8B91-45F2-A94D-C04E82EF524F} = {71E61131-8B91-45F2-A94D-C04E82EF524F}
	EndProjectSection
EndProject
Project("{8BC9CEB8-8B4A-11D0-8D11-00A0C91BC942}") = "STVL", "..\..\STVL\VS2008\VS2008.vcproj", "{71E61131-8B91-45F2-A94D-C04E82EF524F}"
EndProject
Global
	GlobalSection(SolutionConfigurationPlatforms) = preSolution
		Debug - draw_c|Win32 = Debug - draw_c|Win32
		Debug - draw_c|x64 = Debug - draw_c|x64
		Debug-D3D|Win32 = Debug-D3D|Win32
		Debug-D3D|x64 = Debug-D3D|x64
		Debug-DD|Win32 = Debug-DD|Win32
		Debug-DD|x64 = Debug-DD|x64
		Debugger Debug|Win32 = Debugger Debug|Win32
		Debugger Debug|x64 = Debugger Debug|x64
		Debugger-D3D|Win32 = Debugger-D3D|Win32
		Debugger-D3D|x64 = Debugger-D3D|x64
		Debugger-D3D-Release|Win32 = Debugger-D3D-Release|Win32
		Debugger-D3D-Release|x64 = Debugger-D3D-Release|x64
		Debugger-DD|Win32 = Debugger-DD|Win32
		Debugger-DD|x64 = Debugger-DD|x64
		Debugger-DD-Release|Win32 = Debugger-DD-Release|Win32
		Debugger-DD-Release|x64 = Debugger-DD-Release|x64
		dummy|Win32 = dummy|Win32
		dummy|x64 = dummy|x64
		Steem-D3D|Win32 = Steem-D3D|Win32
		Steem-D3D|x64 = Steem-D3D|x64
		Steem-D3D-Release|Win32 = Steem-D3D-Release|Win32
		Steem-D3D-Release|x64 = Steem-D3D-Release|x64
		Steem-DD|Win32 = Steem-DD|Win32
		Steem-DD|x64 = Steem-DD|x64
		Steem-DD-Release|Win32 = Steem-DD-Release|Win32
		Steem-DD-Release|x64 = Steem-DD-Release|x64
	EndGlobalSection
	GlobalSection(ProjectConfigurationPlatforms) = postSolution
		{9975320C-A18B-4425-B093-B11C1F35E3A4}.Debug - draw_c|Win32.ActiveCfg = Debug - draw_c|Win32
		{9975320C-A18B-4425-B093-B11C1F35E3A4}.Debug - draw_c|Win32.Build.0 = Debug - draw_c|Win32
		{9975320C-A18B-4425-B093-B11C1F35E3A4}.Debug - draw_c|x64.ActiveCfg = Debug - draw_c|x64
		{9975320C-A18B-4425-B093-B11C1F35E3A4}.Debug - draw_c|x64.Build.0 = Debug - draw_c|x64
		{9975320C-A18B-4425-B093-B11C1F35E3A4}.Debug-D3D|Win32.ActiveCfg = Debug-D3D|Win32
		{9975320C-A18B-4425-B093-B11C1F35E3A4}.Debug-D3D|Win32.Build.0 = Debug-D3D|Win32
		{9975320C-A18B-4425-B093-B11C1F35E3A4}.Debug-D3D|x64.ActiveCfg = Debug-D3D|x64
		{9975320C-A18B-4425-B093-B11C1F35E3A4}.Debug-D3D|x64.Build.0 = Debug-D3D|x64
		{9975320C-A18B-4425-B093-B11C1F35E3A4}.Debug-DD|Win32.ActiveCfg = Debug-DD|Win32
		{9975320C-A18B-4425-B093-B11C1F35E3A4}.Debug-DD|Win32.Build.0 = Debug-DD|Win32
		{9975320C-A18B-4425-B093-B11C1F35E3A4}.Debug-DD|x64.ActiveCfg = Debug-DD|x64
		{9975320C-A18B-4425-B093-B11C1F35E3A4}.Debug-DD|x64.Build.0 = Debug-DD|x64
		{9975320C-A18B-4425-B093-B11C1F35E3A4}.Debugger Debug|Win32.ActiveCfg = Debugger Debug|Win32
		{9975320C-A18B-4425-B093-B11C1F35E3A4}.Debugger Debug|Win32.Build.0 = Debugger Debug|Win32
		{9975320C-A18B-4425-B093-B11C1F35E3A4}.Debugger Debug|x64.ActiveCfg = Debugger Debug|x64
		{9975320C-A18B-4425-B093-B11C1F35E3A4}.Debugger Debug|x64.Build.0 = Debugger Debug|x64
		{9975320C-A18B-4425-B093-B11C1F35E3A4}.Debugger-D3D|Win32.ActiveCfg = Debugger-D3D|Win32
		{9975320C-A18B-4425-B093-B11C1F35E3A4}.Debugger-D3D|Win32.Build.0 = Debugger-D3D|Win32
		{9975320C-A18B-4425-B093-B11C1F35E3A4}.Debugger-D3D|x64.ActiveCfg = Debugger-D3D|x64
		{9975320C-A18B-4425-B093-B11C1F35E3A4}.Debugger-D3D|x64.Build.0 = Debugger-D3D|x64
		{9975320C-A18B-4425-B093-B11C1F35E3A4}.Debugger-D3D-Release|Win32.ActiveCfg = Debugger-D3D-Release|Win32
		{9975320C-A18B-4425-B093-B11C1F35E3A4}.Debugger-D3D-Release|Win32.Build.0 = Debugger-D3D-Release|Win32
		{9975320C-A18B-4425-B093-B11C1F35E3A4}.Debugger-D3D-Release|x64.ActiveCfg = Debugger-D3D-Release|x64
		{9975320C-A18B-4425-B093-B11C1F35E3A4}.Debugger-D3D-Release|x64.Build.0 = Debugger-D3D-Release|x64
		{9975320C-A18B-4425-B093-B11C1F35E3A4}.Debugger-DD|Win32.ActiveCfg = Debugger-DD|Win32
		{9975320C-A18B-4425-B093-B11C1F35E3A4}.Debugger-DD|Win32.Build.0 = Debugger-DD|Win32
		{9975320C-A18B-4425-B093-B11C1F35E3A4}.Debugger-DD|x64.ActiveCfg = Debugger-DD|x64
		{9975320C-A18B-4425-B093-B11C1F35E3A4}.Debugger-DD|x64.Build.0 = Debugger-DD|x64
		{9975320C-A18B-4425-B093-B11C1F35E3A4}.Debugger-DD-Release|Win32.ActiveCfg = Debugger-DD-Release|Win32
		{9975320C-A18B-4425-B093-B11C1F35E3A4}.Debugger-DD-Release|Win32.Build.0 = Debugger-DD-Release|Win32
		{9975320C-A18B-4425-B093-B11C1F35E3A4}.Debugger-DD-Release|x64.ActiveCfg = Debugger-DD-Release|x64
		{9975320C-A18B-4425-B093-B11C1F35E3A4}.Debugger-DD-Release|x64.Build.0 = Debugger-DD-Release|x64
		{9975320C-A18B-4425-B093-B11C1F35E3A4}.dummy|Win32.ActiveCfg = Debug-DD|Win32
		{9975320C-A18B-4425-B093-B11C1F35E3A4}.dummy|Win32.Build.0 = Debug-DD|Win32
		{9975320C-A18B-4425-B093-B11C1F35E3A4}.dummy|x64.ActiveCfg = Debug-D3D|x64
		{9975320C-A18B-4425-B093-B11C1F35E3A4}.dummy|x64.Build.0 = Debug-D3D|x64
		{9975320C-A18B-4425-B093-B11C1F35E3A4}.Steem-D3D|Win32.ActiveCfg = Steem-D3D|Win32
		{9975320C-A18B-4425-B093-B11C1F35E3A4}.Steem-D3D|Win32.Build.0 = Steem-D3D|Win32
		{9975320C-A18B-4425-B093-B11C1F35E3A4}.Steem-D3D|x64.ActiveCfg = Steem-D3D|x64
		{9975320C-A18B-4425-B093-B11C1F35E3A4}.Steem-D3D|x64.Build.0 = Steem-D3D|x64
		{9975320C-A18B-4425-B093-B11C1F35E3A4}.Steem-D3D-Release|Win32.ActiveCfg = Steem-D3D-Release|Win32
		{9975320C-A18B-4425-B093-B11C1F35E3A4}.Steem-D3D-Release|Win32.Build.0 = Steem-D3D-Release|Win32
		{9975320C-A18B-4425-B093-B11C1F35E3A4}.Steem-D3D-Release|x64.ActiveCfg = Steem-D3D-Release|x64
		{9975320C-A18B-4425-B093-B11C1F35E3A4}.Steem-D3D-Release|x64.Build.0 = Steem-D3D-Release|x64
		{9975320C-A18B-4425-B093-B11C1F35E3A4}.Steem-DD|Win32.ActiveCfg = Steem-DD|Win32
		{9975320C-A18B-4425-B093-B11C1F35E3A4}.Steem-DD|Win32.Build.0 = Steem-DD|Win32
		{9975320C-A18B-4425-B093-B11C1F35E3A4}.Steem-DD|x64.ActiveCfg = Steem-DD|x64
		{9975320C-A18B-4425-B093-B11C1F35E3A4}.Steem-DD|x64.Build.0 = Steem-DD|x64
		{9975320C-A18B-4425-B093-B11C1F35E3A4}.Steem-DD-Release|Win32.ActiveCfg = Steem-DD-Release|Win32
		{9975320C-A18B-4425-B093-B11C1F35E3A4}.Steem-DD-Release|Win32.Build.0 = Steem-DD-Release|Win32
		{9975320C-A18B-4425-B093-B11C1F35E3A4}.Steem-DD-Release|x64.ActiveCfg = Steem-DD-Release|x64
		{9975320C-A18B-4425-B093-B11C1F35E3A4}.Steem-DD-Release|x64.Build.0 = Steem-DD-Release|x64
		{71E61131-8B91-45F2-A94D-C04E82EF524F}.Debug - draw_c|Win32.ActiveCfg = Debug|Win32
		{71E61131-8B91-45F2-A94D-C04E82EF524F}.Debug - draw_c|Win32.Build.0 = Debug|Win32
		{71E61131-8B91-45F2-A94D-C04E82EF524F}.Debug - draw_c|x64.ActiveCfg = Debug|x64
		{71E61131-8B91-45F2-A94D-C04E82EF524F}.Debug - draw_c|x64.Build.0 = Debug|x64
		{71E61131-8B91-45F2-A94D-C04E82EF524F}.Debug-D3D|Win32.ActiveCfg = Debug|Win32
		{71E61131-8B91-45F2-A94D-C04E82EF524F}.Debug-D3D|Win32.Build.0 = Debug|Win32
		{71E61131-8B91-45F2-A94D-C04E82EF524F}.Debug-D3D|x64.ActiveCfg = Debug|x64
		{71E61131-8B91-45F2-A94D-C04E82EF524F}.Debug-D3D|x64.Build.0 = Debug|x64
		{71E61131-8B91-45F2-A94D-C04E82EF524F}.Debug-DD|Win32.ActiveCfg = Debug|Win32
		{71E61131-8B91-45F2-A94D-C04E82EF524F}.Debug-DD|Win32.Build.0 = Debug|Win32
		{71E61131-8B91-45F2-A94D-C04E82EF524F}.Debug-DD|x64.ActiveCfg = Debug|x64
		{71E61131-8B91-45F2-A94D-C04E82EF524F}.Debug-DD|x64.Build.0 = Debug|x64
		{71E61131-8B91-45F2-A94D-C04E82EF524F}.Debugger Debug|Win32.ActiveCfg = Debug|Win32
		{71E61131-8B91-45F2-A94D-C04E82EF524F}.Debugger Debug|Win32.Build.0 = Debug|Win32
		{71E61131-8B91-45F2-A94D-C04E82EF524F}.Debugger Debug|x64.ActiveCfg = Debug|x64
		{71E61131-8B91-45F2-A94D-C04E82EF524F}.Debugger Debug|x64.Build.0 = Debug|x64
		{71E61131-8B91-45F2-A94D-C04E82EF524F}.Debugger-D3D|Win32.ActiveCfg = stvlxxd|Win32
		{71E61131-8B91-45F2-A94D-C04E82EF524F}.Debugger-D3D|Win32.Build.0 = stvlxxd|Win32
		{71E61131-8B91-45F2-A94D-C04E82EF524F}.Debugger-D3D|x64.ActiveCfg = stvlxxd|x64
		{71E61131-8B91-45F2-A94D-C04E82EF524F}.Debugger-D3D|x64.Build.0 = stvlxxd|x64
		{71E61131-8B91-45F2-A94D-C04E82EF524F}.Debugger-D3D-Release|Win32.ActiveCfg = stvlxxd|Win32
		{71E61131-8B91-45F2-A94D-C04E82EF524F}.Debugger-D3D-Release|Win32.Build.0 = stvlxxd|Win32
		{71E61131-8B91-45F2-A94D-C04E82EF524F}.Debugger-D3D-Release|x64.ActiveCfg = stvlxxd|x64
		{71E61131-8B91-45F2-A94D-C04E82EF524F}.Debugger-D3D-Release|x64.Build.0 = stvlxxd|x64
		{71E61131-8B91-45F2-A94D-C04E82EF524F}.Debugger-DD|Win32.ActiveCfg = stvlxxd|Win32
		{71E61131-8B91-45F2-A94D-C04E82EF524F}.Debugger-DD|Win32.Build.0 = stvlxxd|Win32
		{71E61131-8B91-45F2-A94D-C04E82EF524F}.Debugger-DD|x64.ActiveCfg = stvlxxd|x64
		{71E61131-8B91-45F2-A94D-C04E82EF524F}.Debugger-DD|x64.Build.0 = stvlxxd|x64
		{71E61131-8B91-45F2-A94D-C04E82EF524F}.Debugger-DD-Release|Win32.ActiveCfg = stvlxxd|Win32
		{71E61131-8B91-45F2-A94D-C04E82EF524F}.Debugger-DD-Release|Win32.Build.0 = stvlxxd|Win32
		{71E61131-8B91-45F2-A94D-C04E82EF524F}.Debugger-DD-Release|x64.ActiveCfg = stvlxxd|x64
		{71E61131-8B91-45F2-A94D-C04E82EF524F}.Debugger-DD-Release|x64.Build.0 = stvlxxd|x64
		{71E61131-8B91-45F2-A94D-C04E82EF524F}.dummy|Win32.ActiveCfg = Debug|Win32
		{71E61131-8B91-45F2-A94D-C04E82EF524F}.dummy|Win32.Build.0 = Debug|Win32
		{71E61131-8B91-45F2-A94D-C04E82EF524F}.dummy|x64.ActiveCfg = Debug|x64
		{71E61131-8B91-45F2-A94D-C04E82EF524F}.dummy|x64.Build.0 = Debug|x64
		{71E61131-8B91-45F2-A94D-C04E82EF524F}.Steem-D3D|Win32.ActiveCfg = stvlxx|Win32
		{71E61131-8B91-45F2-A94D-C04E82EF524F}.Steem-D3D|Win32.Build.0 = stvlxx|Win32
		{71E61131-8B91-45F2-A94D-C04E82EF524F}.Steem-D3D|x64.ActiveCfg = stvlxx|x64
		{71E61131-8B91-45F2-A94D-C04E82EF524F}.Steem-D3D|x64.Build.0 = stvlxx|x64
		{71E61131-8B91-45F2-A94D-C04E82EF524F}.Steem-D3D-Release|Win32.ActiveCfg = stvlxx|Win32
		{71E61131-8B91-45F2-A94D-C04E82EF524F}.Steem-D3D-Release|Win32.Build.0 = stvlxx|Win32
		{71E61131-8B91-45F2-A94D-C04E82EF524F}.Steem-D3D-Release|x64.ActiveCfg = stvlxx|x64
		{71E61131-8B91-45F2-A94D-C04E82EF524F}.Steem-D3D-Release|x64.Build.0 = stvlxx|x64
		{71E61131-8B91-45F2-A94D-C04E82EF524F}.Steem-DD|Win32.ActiveCfg = stvlxx|Win32
		{71E61131-8B91-45F2-A94D-C04E82EF524F}.Steem-DD|Win32.Build.0 = stvlxx|Win32
		{71E61131-8B91-45F2-A94D-C04E82EF524F}.Steem-DD|x64.ActiveCfg = stvlxx|x64
		{71E61131-8B91-45F2-A94D-C04E82EF524F}.Steem-DD|x64.Build.0 = stvlxx|x64
		{71E61131-8B91-45F2-A94D-C04E82EF524F}.Steem-DD-Release|Win32.ActiveCfg = stvlxx|Win32
		{71E61131-8B91-45F2-A94D-C04E82EF524F}.Steem-DD-Release|Win32.Build.0 = stvlxx|Win32
		{71E61131-8B91-45F2-A94D-C04E82EF524F}.Steem-DD-Release|x64.ActiveCfg = stvlxx|x64
		{71E61131-8B91-45F2-A94D-C04E82EF524F}.Steem-DD-Release|x64.Build.0 = stvlxx|x64
	EndGlobalSection
	GlobalSection(SolutionProperties) = preSolution
		HideSolutionNode = FALSE
	EndGlobalSection
EndGlobal
